
Microsoft Visual Studio Solution File, Format Version 12.00
# Visual Studio Version 16
VisualStudioVersion = 25.0.1704.2
MinimumVisualStudioVersion = 10.0.40219.1
Project("{FAE04EC0-301F-11D3-BF4B-00C04F79EFBC}") = "MoodAnalyserProject", "MoodAnalyserProject\MoodAnalyserProject.csproj", "{9AA711B7-FACF-45CD-B208-6A8A9CF674A5}"
EndProject
Project("{FAE04EC0-301F-11D3-BF4B-00C04F79EFBC}") = "MoodAnalyserTestCase", "MoodAnalyserTestCase\MoodAnalyserTestCase.csproj", "{5562288D-55A5-4B54-9C69-1A26CFA8E6A0}"
EndProject
Global
	GlobalSection(SolutionConfigurationPlatforms) = preSolution
		Debug|Any CPU = Debug|Any CPU
		Release|Any CPU = Release|Any CPU
	EndGlobalSection
	GlobalSection(ProjectConfigurationPlatforms) = postSolution
		{9AA711B7-FACF-45CD-B208-6A8A9CF674A5}.Debug|Any CPU.ActiveCfg = Debug|Any CPU
		{9AA711B7-FACF-45CD-B208-6A8A9CF674A5}.Debug|Any CPU.Build.0 = Debug|Any CPU
		{9AA711B7-FACF-45CD-B208-6A8A9CF674A5}.Release|Any CPU.ActiveCfg = Release|Any CPU
		{9AA711B7-FACF-45CD-B208-6A8A9CF674A5}.Release|Any CPU.Build.0 = Release|Any CPU
		{5562288D-55A5-4B54-9C69-1A26CFA8E6A0}.Debug|Any CPU.ActiveCfg = Debug|Any CPU
		{5562288D-55A5-4B54-9C69-1A26CFA8E6A0}.Debug|Any CPU.Build.0 = Debug|Any CPU
		{5562288D-55A5-4B54-9C69-1A26CFA8E6A0}.Release|Any CPU.ActiveCfg = Release|Any CPU
		{5562288D-55A5-4B54-9C69-1A26CFA8E6A0}.Release|Any CPU.Build.0 = Release|Any CPU
	EndGlobalSection
	GlobalSection(SolutionProperties) = preSolution
		HideSolutionNode = FALSE
	EndGlobalSection
	GlobalSection(ExtensibilityGlobals) = postSolution
		SolutionGuid = {02441216-1AFC-477C-BF9C-AE42F909B529}
	EndGlobalSection
EndGlobal
